
Microsoft Visual Studio Solution File, Format Version 12.00
# Visual Studio 14
VisualStudioVersion = 14.0.25123.0
MinimumVisualStudioVersion = 10.0.40219.1
Project("{FAE04EC0-301F-11D3-BF4B-00C04F79EFBC}") = "Clase1", "Clase1.csproj", "{BAD4C674-CCF9-40A1-B7D3-FD73ABCD2904}"
EndProject
Project("{FAE04EC0-301F-11D3-BF4B-00C04F79EFBC}") = "Clase2-3", "Martes21-clase2\Clase2-3.csproj", "{721D2E59-3AE2-438F-B416-76A2FA9DC8A1}"
EndProject
Project("{FAE04EC0-301F-11D3-BF4B-00C04F79EFBC}") = "ejercicio if-else", "..\ejercicio if-else\ejercicio if-else.csproj", "{47D48256-2C75-4A71-9C42-055A1AB74C29}"
EndProject
Project("{FAE04EC0-301F-11D3-BF4B-00C04F79EFBC}") = "clase4", "Jueves23\Jueves22\clase4.csproj", "{65B6E78A-A63B-4E82-BBD4-940D6AA34F83}"
EndProject
Project("{FAE04EC0-301F-11D3-BF4B-00C04F79EFBC}") = "Funciones", "..\Funciones\Funciones.csproj", "{095B5923-A045-4A1D-A0C3-6F129DF8806F}"
EndProject
Project("{FAE04EC0-301F-11D3-BF4B-00C04F79EFBC}") = "Evaluacion", "Evaluacion1\Evaluacion\Evaluacion.csproj", "{FEFA46B7-36C0-4D03-9726-F29B571A4CC5}"
EndProject
Global
	GlobalSection(SolutionConfigurationPlatforms) = preSolution
		Debug|Any CPU = Debug|Any CPU
		Release|Any CPU = Release|Any CPU
	EndGlobalSection
	GlobalSection(ProjectConfigurationPlatforms) = postSolution
		{BAD4C674-CCF9-40A1-B7D3-FD73ABCD2904}.Debug|Any CPU.ActiveCfg = Debug|Any CPU
		{BAD4C674-CCF9-40A1-B7D3-FD73ABCD2904}.Debug|Any CPU.Build.0 = Debug|Any CPU
		{BAD4C674-CCF9-40A1-B7D3-FD73ABCD2904}.Release|Any CPU.ActiveCfg = Release|Any CPU
		{BAD4C674-CCF9-40A1-B7D3-FD73ABCD2904}.Release|Any CPU.Build.0 = Release|Any CPU
		{721D2E59-3AE2-438F-B416-76A2FA9DC8A1}.Debug|Any CPU.ActiveCfg = Debug|Any CPU
		{721D2E59-3AE2-438F-B416-76A2FA9DC8A1}.Debug|Any CPU.Build.0 = Debug|Any CPU
		{721D2E59-3AE2-438F-B416-76A2FA9DC8A1}.Release|Any CPU.ActiveCfg = Release|Any CPU
		{721D2E59-3AE2-438F-B416-76A2FA9DC8A1}.Release|Any CPU.Build.0 = Release|Any CPU
		{47D48256-2C75-4A71-9C42-055A1AB74C29}.Debug|Any CPU.ActiveCfg = Debug|Any CPU
		{47D48256-2C75-4A71-9C42-055A1AB74C29}.Debug|Any CPU.Build.0 = Debug|Any CPU
		{47D48256-2C75-4A71-9C42-055A1AB74C29}.Release|Any CPU.ActiveCfg = Release|Any CPU
		{47D48256-2C75-4A71-9C42-055A1AB74C29}.Release|Any CPU.Build.0 = Release|Any CPU
		{65B6E78A-A63B-4E82-BBD4-940D6AA34F83}.Debug|Any CPU.ActiveCfg = Debug|Any CPU
		{65B6E78A-A63B-4E82-BBD4-940D6AA34F83}.Debug|Any CPU.Build.0 = Debug|Any CPU
		{65B6E78A-A63B-4E82-BBD4-940D6AA34F83}.Release|Any CPU.ActiveCfg = Release|Any CPU
		{65B6E78A-A63B-4E82-BBD4-940D6AA34F83}.Release|Any CPU.Build.0 = Release|Any CPU
		{095B5923-A045-4A1D-A0C3-6F129DF8806F}.Debug|Any CPU.ActiveCfg = Debug|Any CPU
		{095B5923-A045-4A1D-A0C3-6F129DF8806F}.Debug|Any CPU.Build.0 = Debug|Any CPU
		{095B5923-A045-4A1D-A0C3-6F129DF8806F}.Release|Any CPU.ActiveCfg = Release|Any CPU
		{095B5923-A045-4A1D-A0C3-6F129DF8806F}.Release|Any CPU.Build.0 = Release|Any CPU
		{FEFA46B7-36C0-4D03-9726-F29B571A4CC5}.Debug|Any CPU.ActiveCfg = Debug|Any CPU
		{FEFA46B7-36C0-4D03-9726-F29B571A4CC5}.Debug|Any CPU.Build.0 = Debug|Any CPU
		{FEFA46B7-36C0-4D03-9726-F29B571A4CC5}.Release|Any CPU.ActiveCfg = Release|Any CPU
		{FEFA46B7-36C0-4D03-9726-F29B571A4CC5}.Release|Any CPU.Build.0 = Release|Any CPU
	EndGlobalSection
	GlobalSection(SolutionProperties) = preSolution
		HideSolutionNode = FALSE
	EndGlobalSection
EndGlobal
