
Microsoft Visual Studio Solution File, Format Version 12.00
# Visual Studio 14
VisualStudioVersion = 14.0.25123.0
MinimumVisualStudioVersion = 10.0.40219.1
Project("{FAE04EC0-301F-11D3-BF4B-00C04F79EFBC}") = "Modelado_Clases", "Modelado_Clases.csproj", "{AA268743-55EA-4158-A572-0153205EEADF}"
EndProject
Global
	GlobalSection(SolutionConfigurationPlatforms) = preSolution
		Debug|Any CPU = Debug|Any CPU
		Release|Any CPU = Release|Any CPU
	EndGlobalSection
	GlobalSection(ProjectConfigurationPlatforms) = postSolution
		{AA268743-55EA-4158-A572-0153205EEADF}.Debug|Any CPU.ActiveCfg = Debug|Any CPU
		{AA268743-55EA-4158-A572-0153205EEADF}.Debug|Any CPU.Build.0 = Debug|Any CPU
		{AA268743-55EA-4158-A572-0153205EEADF}.Release|Any CPU.ActiveCfg = Release|Any CPU
		{AA268743-55EA-4158-A572-0153205EEADF}.Release|Any CPU.Build.0 = Release|Any CPU
	EndGlobalSection
	GlobalSection(SolutionProperties) = preSolution
		HideSolutionNode = FALSE
	EndGlobalSection
EndGlobal
